
Microsoft Visual Studio Solution File, Format Version 12.00
# Visual Studio Version 16
VisualStudioVersion = 16.0.31624.102
MinimumVisualStudioVersion = 10.0.40219.1
Project("{FAE04EC0-301F-11D3-BF4B-00C04F79EFBC}") = "EmmasLibrary", "EmmasLibrary\EmmasLibrary.csproj", "{7FF63A2E-A958-4ACA-9677-08E1B7AF85A3}"
EndProject
Global
	GlobalSection(SolutionConfigurationPlatforms) = preSolution
		Debug|Any CPU = Debug|Any CPU
		Release|Any CPU = Release|Any CPU
	EndGlobalSection
	GlobalSection(ProjectConfigurationPlatforms) = postSolution
		{7FF63A2E-A958-4ACA-9677-08E1B7AF85A3}.Debug|Any CPU.ActiveCfg = Debug|Any CPU
		{7FF63A2E-A958-4ACA-9677-08E1B7AF85A3}.Debug|Any CPU.Build.0 = Debug|Any CPU
		{7FF63A2E-A958-4ACA-9677-08E1B7AF85A3}.Release|Any CPU.ActiveCfg = Release|Any CPU
		{7FF63A2E-A958-4ACA-9677-08E1B7AF85A3}.Release|Any CPU.Build.0 = Release|Any CPU
	EndGlobalSection
	GlobalSection(SolutionProperties) = preSolution
		HideSolutionNode = FALSE
	EndGlobalSection
	GlobalSection(ExtensibilityGlobals) = postSolution
		SolutionGuid = {AD0D7449-FCB5-4938-A557-04D642D68F73}
	EndGlobalSection
EndGlobal
